
Microsoft Visual Studio Solution File, Format Version 12.00
# Visual Studio Version 16
VisualStudioVersion = 16.0.29306.81
MinimumVisualStudioVersion = 10.0.40219.1
Project("{FAE04EC0-301F-11D3-BF4B-00C04F79EFBC}") = "CoreCrud_Assignment3", "CoreCrud_Assignment3\CoreCrud_Assignment3.csproj", "{F20A75D4-AA25-49C4-BD77-9FFA70A8EFC3}"
EndProject
Global
	GlobalSection(SolutionConfigurationPlatforms) = preSolution
		Debug|Any CPU = Debug|Any CPU
		Release|Any CPU = Release|Any CPU
	EndGlobalSection
	GlobalSection(ProjectConfigurationPlatforms) = postSolution
		{F20A75D4-AA25-49C4-BD77-9FFA70A8EFC3}.Debug|Any CPU.ActiveCfg = Debug|Any CPU
		{F20A75D4-AA25-49C4-BD77-9FFA70A8EFC3}.Debug|Any CPU.Build.0 = Debug|Any CPU
		{F20A75D4-AA25-49C4-BD77-9FFA70A8EFC3}.Release|Any CPU.ActiveCfg = Release|Any CPU
		{F20A75D4-AA25-49C4-BD77-9FFA70A8EFC3}.Release|Any CPU.Build.0 = Release|Any CPU
	EndGlobalSection
	GlobalSection(SolutionProperties) = preSolution
		HideSolutionNode = FALSE
	EndGlobalSection
	GlobalSection(ExtensibilityGlobals) = postSolution
		SolutionGuid = {EE972B4C-1DBF-400A-A1EC-1BD0F0F5016A}
	EndGlobalSection
EndGlobal
